
Microsoft Visual Studio Solution File, Format Version 12.00
# Visual Studio 15
VisualStudioVersion = 15.0.28307.902
MinimumVisualStudioVersion = 10.0.40219.1
Project("{FAE04EC0-301F-11D3-BF4B-00C04F79EFBC}") = "Project.MODEL", "Project.MODEL\Project.MODEL.csproj", "{97E19AC2-90FE-48FB-BF24-D6E619C150C8}"
EndProject
Project("{FAE04EC0-301F-11D3-BF4B-00C04F79EFBC}") = "Project.MAP", "Project.MAP\Project.MAP.csproj", "{F0880945-9B07-4CE5-8DE0-4E41B73E7970}"
EndProject
Project("{FAE04EC0-301F-11D3-BF4B-00C04F79EFBC}") = "Project.DAL", "Project.DAL\Project.DAL.csproj", "{00B91081-9C96-44BC-B780-DF239CA62A1B}"
EndProject
Project("{FAE04EC0-301F-11D3-BF4B-00C04F79EFBC}") = "Project.BLL", "Project.BLL\Project.BLL.csproj", "{67B91C65-D027-4E1E-AF93-7701D1FEE572}"
EndProject
Project("{FAE04EC0-301F-11D3-BF4B-00C04F79EFBC}") = "Project.WinUI", "Project.WinUI\Project.WinUI.csproj", "{DC495ECD-56F1-4785-BF74-66D7C579BD13}"
EndProject
Project("{FAE04EC0-301F-11D3-BF4B-00C04F79EFBC}") = "Project.COMMON", "Project.COMMON\Project.COMMON.csproj", "{72B8D98F-7AE3-4E0A-964A-D34E0E121847}"
EndProject
Global
	GlobalSection(SolutionConfigurationPlatforms) = preSolution
		Debug|Any CPU = Debug|Any CPU
		Release|Any CPU = Release|Any CPU
	EndGlobalSection
	GlobalSection(ProjectConfigurationPlatforms) = postSolution
		{97E19AC2-90FE-48FB-BF24-D6E619C150C8}.Debug|Any CPU.ActiveCfg = Debug|Any CPU
		{97E19AC2-90FE-48FB-BF24-D6E619C150C8}.Debug|Any CPU.Build.0 = Debug|Any CPU
		{97E19AC2-90FE-48FB-BF24-D6E619C150C8}.Release|Any CPU.ActiveCfg = Release|Any CPU
		{97E19AC2-90FE-48FB-BF24-D6E619C150C8}.Release|Any CPU.Build.0 = Release|Any CPU
		{F0880945-9B07-4CE5-8DE0-4E41B73E7970}.Debug|Any CPU.ActiveCfg = Debug|Any CPU
		{F0880945-9B07-4CE5-8DE0-4E41B73E7970}.Debug|Any CPU.Build.0 = Debug|Any CPU
		{F0880945-9B07-4CE5-8DE0-4E41B73E7970}.Release|Any CPU.ActiveCfg = Release|Any CPU
		{F0880945-9B07-4CE5-8DE0-4E41B73E7970}.Release|Any CPU.Build.0 = Release|Any CPU
		{00B91081-9C96-44BC-B780-DF239CA62A1B}.Debug|Any CPU.ActiveCfg = Debug|Any CPU
		{00B91081-9C96-44BC-B780-DF239CA62A1B}.Debug|Any CPU.Build.0 = Debug|Any CPU
		{00B91081-9C96-44BC-B780-DF239CA62A1B}.Release|Any CPU.ActiveCfg = Release|Any CPU
		{00B91081-9C96-44BC-B780-DF239CA62A1B}.Release|Any CPU.Build.0 = Release|Any CPU
		{67B91C65-D027-4E1E-AF93-7701D1FEE572}.Debug|Any CPU.ActiveCfg = Debug|Any CPU
		{67B91C65-D027-4E1E-AF93-7701D1FEE572}.Debug|Any CPU.Build.0 = Debug|Any CPU
		{67B91C65-D027-4E1E-AF93-7701D1FEE572}.Release|Any CPU.ActiveCfg = Release|Any CPU
		{67B91C65-D027-4E1E-AF93-7701D1FEE572}.Release|Any CPU.Build.0 = Release|Any CPU
		{DC495ECD-56F1-4785-BF74-66D7C579BD13}.Debug|Any CPU.ActiveCfg = Debug|Any CPU
		{DC495ECD-56F1-4785-BF74-66D7C579BD13}.Debug|Any CPU.Build.0 = Debug|Any CPU
		{DC495ECD-56F1-4785-BF74-66D7C579BD13}.Release|Any CPU.ActiveCfg = Release|Any CPU
		{DC495ECD-56F1-4785-BF74-66D7C579BD13}.Release|Any CPU.Build.0 = Release|Any CPU
		{72B8D98F-7AE3-4E0A-964A-D34E0E121847}.Debug|Any CPU.ActiveCfg = Debug|Any CPU
		{72B8D98F-7AE3-4E0A-964A-D34E0E121847}.Debug|Any CPU.Build.0 = Debug|Any CPU
		{72B8D98F-7AE3-4E0A-964A-D34E0E121847}.Release|Any CPU.ActiveCfg = Release|Any CPU
		{72B8D98F-7AE3-4E0A-964A-D34E0E121847}.Release|Any CPU.Build.0 = Release|Any CPU
	EndGlobalSection
	GlobalSection(SolutionProperties) = preSolution
		HideSolutionNode = FALSE
	EndGlobalSection
	GlobalSection(ExtensibilityGlobals) = postSolution
		SolutionGuid = {B524DC35-3AE6-407C-91A5-1276927323EA}
	EndGlobalSection
EndGlobal
